
Microsoft Visual Studio Solution File, Format Version 12.00
# Visual Studio Version 17
VisualStudioVersion = 17.7.34202.233
MinimumVisualStudioVersion = 10.0.40219.1
Project("{FAE04EC0-301F-11D3-BF4B-00C04F79EFBC}") = "ControleContatos", "ControleContatos\ControleContatos.csproj", "{CEF07F32-D8FB-4ABA-9112-024D448730A4}"
EndProject
Global
	GlobalSection(SolutionConfigurationPlatforms) = preSolution
		Debug|Any CPU = Debug|Any CPU
		Release|Any CPU = Release|Any CPU
	EndGlobalSection
	GlobalSection(ProjectConfigurationPlatforms) = postSolution
		{CEF07F32-D8FB-4ABA-9112-024D448730A4}.Debug|Any CPU.ActiveCfg = Debug|Any CPU
		{CEF07F32-D8FB-4ABA-9112-024D448730A4}.Debug|Any CPU.Build.0 = Debug|Any CPU
		{CEF07F32-D8FB-4ABA-9112-024D448730A4}.Release|Any CPU.ActiveCfg = Release|Any CPU
		{CEF07F32-D8FB-4ABA-9112-024D448730A4}.Release|Any CPU.Build.0 = Release|Any CPU
	EndGlobalSection
	GlobalSection(SolutionProperties) = preSolution
		HideSolutionNode = FALSE
	EndGlobalSection
	GlobalSection(ExtensibilityGlobals) = postSolution
		SolutionGuid = {623B5836-856E-4943-B61D-D1BB4695A359}
	EndGlobalSection
EndGlobal
